// !$*UTF8*$!
{
	archiveVersion = 1;
	classes = {
	};
	objectVersion = 47;
	objects = {

/* Begin PBXBuildFile section */
		831386B1196F4A2900F0D0DD /* GraphViewController.swift in Sources */ = {isa = PBXBuildFile; fileRef = 831386B0196F4A2900F0D0DD /* GraphViewController.swift */; };
		833D4AE51A3E17AA00FF6B96 /* Salinity.swift in Sources */ = {isa = PBXBuildFile; fileRef = 833D4AE41A3E17AA00FF6B96 /* Salinity.swift */; };
		83585B6D1C308206002DABC7 /* AppData.swift in Sources */ = {isa = PBXBuildFile; fileRef = 83585B6C1C308206002DABC7 /* AppData.swift */; };
		83585B6F1C30824C002DABC7 /* DataPersistence.swift in Sources */ = {isa = PBXBuildFile; fileRef = 83585B6E1C30824C002DABC7 /* DataPersistence.swift */; };
		835EFCEB1961EFB900214EE4 /* DetailViewController.swift in Sources */ = {isa = PBXBuildFile; fileRef = 835EFCEA1961EFB900214EE4 /* DetailViewController.swift */; };
		837C8E5B1B7D8F000008533F /* MeasurementsData.swift in Sources */ = {isa = PBXBuildFile; fileRef = 837C8E5A1B7D8F000008533F /* MeasurementsData.swift */; };
		838BB1931B521B7F00D317B9 /* Reef_Journal.xcdatamodeld in Sources */ = {isa = PBXBuildFile; fileRef = 838BB1911B521B7F00D317B9 /* Reef_Journal.xcdatamodeld */; };
		838BB1961B521C2300D317B9 /* LaunchScreen.storyboard in Resources */ = {isa = PBXBuildFile; fileRef = 838BB1941B521C2300D317B9 /* LaunchScreen.storyboard */; };
		838BB1971B521C2300D317B9 /* Main.storyboard in Resources */ = {isa = PBXBuildFile; fileRef = 838BB1951B521C2300D317B9 /* Main.storyboard */; };
		8395474F19C890EA00529B8B /* Types.swift in Sources */ = {isa = PBXBuildFile; fileRef = 8395474E19C890EA00529B8B /* Types.swift */; };
		83AA7EA21947D63A00CB9D0F /* AppDelegate.swift in Sources */ = {isa = PBXBuildFile; fileRef = 83AA7EA11947D63A00CB9D0F /* AppDelegate.swift */; };
		83AA7EB71947D63B00CB9D0F /* TemperatureStruct.swift in Sources */ = {isa = PBXBuildFile; fileRef = 83AA7EB61947D63B00CB9D0F /* TemperatureStruct.swift */; };
		83B9B65D19E0C2090040BBF3 /* Alkalinity.swift in Sources */ = {isa = PBXBuildFile; fileRef = 83B9B65C19E0C2090040BBF3 /* Alkalinity.swift */; };
		83B9B65F19E0CAA70040BBF3 /* AlkalinityStruct.swift in Sources */ = {isa = PBXBuildFile; fileRef = 83B9B65E19E0CAA70040BBF3 /* AlkalinityStruct.swift */; };
		83BF08DF1B54B2530036549D /* CircularSlider.swift in Sources */ = {isa = PBXBuildFile; fileRef = 83BF08DD1B54B2530036549D /* CircularSlider.swift */; };
		83C010E419DCE7BB0073BE5F /* Functions.swift in Sources */ = {isa = PBXBuildFile; fileRef = 83C010E319DCE7BB0073BE5F /* Functions.swift */; };
		83C99868196F80C9008E23B1 /* GraphView.swift in Sources */ = {isa = PBXBuildFile; fileRef = 83C99867196F80C9008E23B1 /* GraphView.swift */; };
		83D3DE271B85743A001B41DC /* Measurement.swift in Sources */ = {isa = PBXBuildFile; fileRef = 83D3DE251B85743A001B41DC /* Measurement.swift */; };
		83D3DE291B857C8B001B41DC /* Settings.bundle in Resources */ = {isa = PBXBuildFile; fileRef = 83D3DE281B857C8B001B41DC /* Settings.bundle */; };
		83DA1C7219DCFF63005B99A4 /* Temperature.swift in Sources */ = {isa = PBXBuildFile; fileRef = 83DA1C7119DCFF63005B99A4 /* Temperature.swift */; };
		83E69776195DCC8D006DDE81 /* ParametersTableViewController.swift in Sources */ = {isa = PBXBuildFile; fileRef = 83E69775195DCC8D006DDE81 /* ParametersTableViewController.swift */; };
		83EF57D31B52A2570071D29C /* Reef_JournalUITests.swift in Sources */ = {isa = PBXBuildFile; fileRef = 83EF57D21B52A2570071D29C /* Reef_JournalUITests.swift */; };
		83EF57DB1B52E4110071D29C /* SalinityStruct.swift in Sources */ = {isa = PBXBuildFile; fileRef = 83EF57DA1B52E4110071D29C /* SalinityStruct.swift */; };
		83F69F0F1BCA0DB6007CD856 /* Images.xcassets in Resources */ = {isa = PBXBuildFile; fileRef = 83AA7EAA1947D63A00CB9D0F /* Images.xcassets */; };
/* End PBXBuildFile section */

/* Begin PBXContainerItemProxy section */
		83AA7EB11947D63B00CB9D0F /* PBXContainerItemProxy */ = {
			isa = PBXContainerItemProxy;
			containerPortal = 83AA7E941947D63A00CB9D0F /* Project object */;
			proxyType = 1;
			remoteGlobalIDString = 83AA7E9B1947D63A00CB9D0F;
			remoteInfo = "Reef Journal";
		};
		83EF57D51B52A2570071D29C /* PBXContainerItemProxy */ = {
			isa = PBXContainerItemProxy;
			containerPortal = 83AA7E941947D63A00CB9D0F /* Project object */;
			proxyType = 1;
			remoteGlobalIDString = 83AA7E9B1947D63A00CB9D0F;
			remoteInfo = "Reef Journal";
		};
/* End PBXContainerItemProxy section */

/* Begin PBXFileReference section */
		831386B0196F4A2900F0D0DD /* GraphViewController.swift */ = {isa = PBXFileReference; fileEncoding = 4; lastKnownFileType = sourcecode.swift; path = GraphViewController.swift; sourceTree = "<group>"; };
		833D4AE41A3E17AA00FF6B96 /* Salinity.swift */ = {isa = PBXFileReference; fileEncoding = 4; lastKnownFileType = sourcecode.swift; path = Salinity.swift; sourceTree = "<group>"; };
		83585B6C1C308206002DABC7 /* AppData.swift */ = {isa = PBXFileReference; fileEncoding = 4; lastKnownFileType = sourcecode.swift; path = AppData.swift; sourceTree = "<group>"; };
		83585B6E1C30824C002DABC7 /* DataPersistence.swift */ = {isa = PBXFileReference; fileEncoding = 4; lastKnownFileType = sourcecode.swift; path = DataPersistence.swift; sourceTree = "<group>"; };
		835EFCEA1961EFB900214EE4 /* DetailViewController.swift */ = {isa = PBXFileReference; fileEncoding = 4; lastKnownFileType = sourcecode.swift; path = DetailViewController.swift; sourceTree = "<group>"; };
		837C8E5A1B7D8F000008533F /* MeasurementsData.swift */ = {isa = PBXFileReference; fileEncoding = 4; lastKnownFileType = sourcecode.swift; path = MeasurementsData.swift; sourceTree = "<group>"; };
		838BB1921B521B7F00D317B9 /* Reef_Journal.xcdatamodel */ = {isa = PBXFileReference; lastKnownFileType = wrapper.xcdatamodel; path = Reef_Journal.xcdatamodel; sourceTree = "<group>"; };
		838BB1941B521C2300D317B9 /* LaunchScreen.storyboard */ = {isa = PBXFileReference; fileEncoding = 4; lastKnownFileType = file.storyboard; path = LaunchScreen.storyboard; sourceTree = "<group>"; };
		838BB1951B521C2300D317B9 /* Main.storyboard */ = {isa = PBXFileReference; fileEncoding = 4; lastKnownFileType = file.storyboard; path = Main.storyboard; sourceTree = "<group>"; };
		8395474E19C890EA00529B8B /* Types.swift */ = {isa = PBXFileReference; fileEncoding = 4; lastKnownFileType = sourcecode.swift; path = Types.swift; sourceTree = "<group>"; };
		83AA7E9C1947D63A00CB9D0F /* Reef Journal.app */ = {isa = PBXFileReference; explicitFileType = wrapper.application; includeInIndex = 0; path = "Reef Journal.app"; sourceTree = BUILT_PRODUCTS_DIR; };
		83AA7EA01947D63A00CB9D0F /* Info.plist */ = {isa = PBXFileReference; lastKnownFileType = text.plist.xml; path = Info.plist; sourceTree = "<group>"; };
		83AA7EA11947D63A00CB9D0F /* AppDelegate.swift */ = {isa = PBXFileReference; lastKnownFileType = sourcecode.swift; path = AppDelegate.swift; sourceTree = "<group>"; };
		83AA7EAA1947D63A00CB9D0F /* Images.xcassets */ = {isa = PBXFileReference; lastKnownFileType = folder.assetcatalog; path = Images.xcassets; sourceTree = "<group>"; };
		83AA7EB01947D63B00CB9D0F /* Reef JournalTests.xctest */ = {isa = PBXFileReference; explicitFileType = wrapper.cfbundle; includeInIndex = 0; path = "Reef JournalTests.xctest"; sourceTree = BUILT_PRODUCTS_DIR; };
		83AA7EB51947D63B00CB9D0F /* Info.plist */ = {isa = PBXFileReference; lastKnownFileType = text.plist.xml; path = Info.plist; sourceTree = "<group>"; };
		83AA7EB61947D63B00CB9D0F /* TemperatureStruct.swift */ = {isa = PBXFileReference; lastKnownFileType = sourcecode.swift; path = TemperatureStruct.swift; sourceTree = "<group>"; };
		83B9B65C19E0C2090040BBF3 /* Alkalinity.swift */ = {isa = PBXFileReference; fileEncoding = 4; lastKnownFileType = sourcecode.swift; path = Alkalinity.swift; sourceTree = "<group>"; };
		83B9B65E19E0CAA70040BBF3 /* AlkalinityStruct.swift */ = {isa = PBXFileReference; fileEncoding = 4; lastKnownFileType = sourcecode.swift; path = AlkalinityStruct.swift; sourceTree = "<group>"; };
		83BF08DD1B54B2530036549D /* CircularSlider.swift */ = {isa = PBXFileReference; fileEncoding = 4; lastKnownFileType = sourcecode.swift; path = CircularSlider.swift; sourceTree = "<group>"; };
		83C010E319DCE7BB0073BE5F /* Functions.swift */ = {isa = PBXFileReference; fileEncoding = 4; lastKnownFileType = sourcecode.swift; path = Functions.swift; sourceTree = "<group>"; };
		83C99867196F80C9008E23B1 /* GraphView.swift */ = {isa = PBXFileReference; fileEncoding = 4; lastKnownFileType = sourcecode.swift; path = GraphView.swift; sourceTree = "<group>"; };
		83D3DE251B85743A001B41DC /* Measurement.swift */ = {isa = PBXFileReference; fileEncoding = 4; lastKnownFileType = sourcecode.swift; path = Measurement.swift; sourceTree = "<group>"; };
		83D3DE281B857C8B001B41DC /* Settings.bundle */ = {isa = PBXFileReference; lastKnownFileType = "wrapper.plug-in"; path = Settings.bundle; sourceTree = "<group>"; };
		83DA1C7119DCFF63005B99A4 /* Temperature.swift */ = {isa = PBXFileReference; fileEncoding = 4; lastKnownFileType = sourcecode.swift; path = Temperature.swift; sourceTree = "<group>"; };
		83E0D5841947DA3400DE1779 /* Reef Journal.entitlements */ = {isa = PBXFileReference; lastKnownFileType = text.xml; path = "Reef Journal.entitlements"; sourceTree = "<group>"; };
		83E69775195DCC8D006DDE81 /* ParametersTableViewController.swift */ = {isa = PBXFileReference; fileEncoding = 4; lastKnownFileType = sourcecode.swift; path = ParametersTableViewController.swift; sourceTree = "<group>"; };
		83EF57D01B52A2570071D29C /* Reef JournalUITests.xctest */ = {isa = PBXFileReference; explicitFileType = wrapper.cfbundle; includeInIndex = 0; path = "Reef JournalUITests.xctest"; sourceTree = BUILT_PRODUCTS_DIR; };
		83EF57D21B52A2570071D29C /* Reef_JournalUITests.swift */ = {isa = PBXFileReference; lastKnownFileType = sourcecode.swift; path = Reef_JournalUITests.swift; sourceTree = "<group>"; };
		83EF57D41B52A2570071D29C /* Info.plist */ = {isa = PBXFileReference; lastKnownFileType = text.plist.xml; path = Info.plist; sourceTree = "<group>"; };
		83EF57DA1B52E4110071D29C /* SalinityStruct.swift */ = {isa = PBXFileReference; fileEncoding = 4; lastKnownFileType = sourcecode.swift; path = SalinityStruct.swift; sourceTree = "<group>"; };
/* End PBXFileReference section */

/* Begin PBXFrameworksBuildPhase section */
		83AA7E991947D63A00CB9D0F /* Frameworks */ = {
			isa = PBXFrameworksBuildPhase;
			buildActionMask = 2147483647;
			files = (
			);
			runOnlyForDeploymentPostprocessing = 0;
		};
		83AA7EAD1947D63B00CB9D0F /* Frameworks */ = {
			isa = PBXFrameworksBuildPhase;
			buildActionMask = 2147483647;
			files = (
			);
			runOnlyForDeploymentPostprocessing = 0;
		};
		83EF57CD1B52A2570071D29C /* Frameworks */ = {
			isa = PBXFrameworksBuildPhase;
			buildActionMask = 2147483647;
			files = (
			);
			runOnlyForDeploymentPostprocessing = 0;
		};
/* End PBXFrameworksBuildPhase section */

/* Begin PBXGroup section */
		8328E4F51B7190CC009A57EB /* Parameter List View */ = {
			isa = PBXGroup;
			children = (
				83E69775195DCC8D006DDE81 /* ParametersTableViewController.swift */,
			);
			name = "Parameter List View";
			sourceTree = "<group>";
		};
		833D4AE61A3E17C300FF6B96 /* Parameters */ = {
			isa = PBXGroup;
			children = (
				83B9B65C19E0C2090040BBF3 /* Alkalinity.swift */,
				833D4AE41A3E17AA00FF6B96 /* Salinity.swift */,
				83DA1C7119DCFF63005B99A4 /* Temperature.swift */,
			);
			name = Parameters;
			sourceTree = "<group>";
		};
		835476D819646E9500D1994E /* Interface */ = {
			isa = PBXGroup;
			children = (
				838BB1951B521C2300D317B9 /* Main.storyboard */,
				838BB1941B521C2300D317B9 /* LaunchScreen.storyboard */,
				83AA7EAA1947D63A00CB9D0F /* Images.xcassets */,
			);
			name = Interface;
			sourceTree = "<group>";
		};
		835476D919646EB100D1994E /* Data Model */ = {
			isa = PBXGroup;
			children = (
				838BB1911B521B7F00D317B9 /* Reef_Journal.xcdatamodeld */,
				83D3DE251B85743A001B41DC /* Measurement.swift */,
				83C010E319DCE7BB0073BE5F /* Functions.swift */,
				8395474E19C890EA00529B8B /* Types.swift */,
				83585B6E1C30824C002DABC7 /* DataPersistence.swift */,
			);
			name = "Data Model";
			sourceTree = "<group>";
		};
		83AA7E931947D63A00CB9D0F = {
			isa = PBXGroup;
			children = (
				83AA7E9E1947D63A00CB9D0F /* Reef Journal */,
				83AA7EB31947D63B00CB9D0F /* Reef JournalTests */,
				83EF57D11B52A2570071D29C /* Reef JournalUITests */,
				83AA7E9D1947D63A00CB9D0F /* Products */,
			);
			sourceTree = "<group>";
		};
		83AA7E9D1947D63A00CB9D0F /* Products */ = {
			isa = PBXGroup;
			children = (
				83AA7E9C1947D63A00CB9D0F /* Reef Journal.app */,
				83AA7EB01947D63B00CB9D0F /* Reef JournalTests.xctest */,
				83EF57D01B52A2570071D29C /* Reef JournalUITests.xctest */,
			);
			name = Products;
			sourceTree = "<group>";
		};
		83AA7E9E1947D63A00CB9D0F /* Reef Journal */ = {
			isa = PBXGroup;
			children = (
				83FCC4D91C16742B005FA524 /* Main App */,
				8328E4F51B7190CC009A57EB /* Parameter List View */,
				83E5E06F1A9D57A100ECA17E /* Detail View */,
				83AE76081B31102500C48C0E /* Graph View */,
				833D4AE61A3E17C300FF6B96 /* Parameters */,
				835476D919646EB100D1994E /* Data Model */,
				835476D819646E9500D1994E /* Interface */,
				83AA7E9F1947D63A00CB9D0F /* Supporting Files */,
			);
			path = "Reef Journal";
			sourceTree = "<group>";
		};
		83AA7E9F1947D63A00CB9D0F /* Supporting Files */ = {
			isa = PBXGroup;
			children = (
				83D3DE281B857C8B001B41DC /* Settings.bundle */,
				83E0D5841947DA3400DE1779 /* Reef Journal.entitlements */,
				83AA7EA01947D63A00CB9D0F /* Info.plist */,
			);
			name = "Supporting Files";
			sourceTree = "<group>";
		};
		83AA7EB31947D63B00CB9D0F /* Reef JournalTests */ = {
			isa = PBXGroup;
			children = (
				83B9B65E19E0CAA70040BBF3 /* AlkalinityStruct.swift */,
				83EF57DA1B52E4110071D29C /* SalinityStruct.swift */,
				83AA7EB61947D63B00CB9D0F /* TemperatureStruct.swift */,
				83AA7EB41947D63B00CB9D0F /* Supporting Files */,
			);
			path = "Reef JournalTests";
			sourceTree = "<group>";
		};
		83AA7EB41947D63B00CB9D0F /* Supporting Files */ = {
			isa = PBXGroup;
			children = (
				83AA7EB51947D63B00CB9D0F /* Info.plist */,
			);
			name = "Supporting Files";
			sourceTree = "<group>";
		};
		83AE76081B31102500C48C0E /* Graph View */ = {
			isa = PBXGroup;
			children = (
				831386B0196F4A2900F0D0DD /* GraphViewController.swift */,
				83C99867196F80C9008E23B1 /* GraphView.swift */,
			);
			name = "Graph View";
			sourceTree = "<group>";
		};
		83E5E06F1A9D57A100ECA17E /* Detail View */ = {
			isa = PBXGroup;
			children = (
				835EFCEA1961EFB900214EE4 /* DetailViewController.swift */,
				83BF08DD1B54B2530036549D /* CircularSlider.swift */,
				837C8E5A1B7D8F000008533F /* MeasurementsData.swift */,
			);
			name = "Detail View";
			sourceTree = "<group>";
		};
		83EF57D11B52A2570071D29C /* Reef JournalUITests */ = {
			isa = PBXGroup;
			children = (
				83EF57D21B52A2570071D29C /* Reef_JournalUITests.swift */,
				83EF57D41B52A2570071D29C /* Info.plist */,
			);
			path = "Reef JournalUITests";
			sourceTree = "<group>";
		};
		83FCC4D91C16742B005FA524 /* Main App */ = {
			isa = PBXGroup;
			children = (
				83AA7EA11947D63A00CB9D0F /* AppDelegate.swift */,
				83585B6C1C308206002DABC7 /* AppData.swift */,
			);
			name = "Main App";
			sourceTree = "<group>";
		};
/* End PBXGroup section */

/* Begin PBXNativeTarget section */
		83AA7E9B1947D63A00CB9D0F /* Reef Journal */ = {
			isa = PBXNativeTarget;
			buildConfigurationList = 83AA7EBA1947D63B00CB9D0F /* Build configuration list for PBXNativeTarget "Reef Journal" */;
			buildPhases = (
				83AA7E981947D63A00CB9D0F /* Sources */,
				83AA7E991947D63A00CB9D0F /* Frameworks */,
				83AA7E9A1947D63A00CB9D0F /* Resources */,
			);
			buildRules = (
			);
			dependencies = (
			);
			name = "Reef Journal";
			productName = "Reef Journal";
			productReference = 83AA7E9C1947D63A00CB9D0F /* Reef Journal.app */;
			productType = "com.apple.product-type.application";
		};
		83AA7EAF1947D63B00CB9D0F /* Reef JournalTests */ = {
			isa = PBXNativeTarget;
			buildConfigurationList = 83AA7EBD1947D63B00CB9D0F /* Build configuration list for PBXNativeTarget "Reef JournalTests" */;
			buildPhases = (
				83AA7EAC1947D63B00CB9D0F /* Sources */,
				83AA7EAD1947D63B00CB9D0F /* Frameworks */,
				83AA7EAE1947D63B00CB9D0F /* Resources */,
			);
			buildRules = (
			);
			dependencies = (
				83AA7EB21947D63B00CB9D0F /* PBXTargetDependency */,
			);
			name = "Reef JournalTests";
			productName = "Reef JournalTests";
			productReference = 83AA7EB01947D63B00CB9D0F /* Reef JournalTests.xctest */;
			productType = "com.apple.product-type.bundle.unit-test";
		};
		83EF57CF1B52A2570071D29C /* Reef JournalUITests */ = {
			isa = PBXNativeTarget;
			buildConfigurationList = 83EF57D91B52A2570071D29C /* Build configuration list for PBXNativeTarget "Reef JournalUITests" */;
			buildPhases = (
				83EF57CC1B52A2570071D29C /* Sources */,
				83EF57CD1B52A2570071D29C /* Frameworks */,
				83EF57CE1B52A2570071D29C /* Resources */,
			);
			buildRules = (
			);
			dependencies = (
				83EF57D61B52A2570071D29C /* PBXTargetDependency */,
			);
			name = "Reef JournalUITests";
			productName = "Reef JournalUITests";
			productReference = 83EF57D01B52A2570071D29C /* Reef JournalUITests.xctest */;
			productType = "com.apple.product-type.bundle.ui-testing";
		};
/* End PBXNativeTarget section */

/* Begin PBXProject section */
		83AA7E941947D63A00CB9D0F /* Project object */ = {
			isa = PBXProject;
			attributes = {
				LastSwiftUpdateCheck = 0700;
				LastUpgradeCheck = 0700;
				ORGANIZATIONNAME = "Epic Kiwi Interactive";
				TargetAttributes = {
					83AA7E9B1947D63A00CB9D0F = {
						CreatedOnToolsVersion = 6.0;
						DevelopmentTeam = 7B9TSR8NPA;
						SystemCapabilities = {
							com.apple.iCloud = {
								enabled = 0;
							};
						};
					};
					83AA7EAF1947D63B00CB9D0F = {
						CreatedOnToolsVersion = 6.0;
						TestTargetID = 83AA7E9B1947D63A00CB9D0F;
					};
					83EF57CF1B52A2570071D29C = {
						CreatedOnToolsVersion = 7.0;
						TestTargetID = 83AA7E9B1947D63A00CB9D0F;
					};
				};
			};
			buildConfigurationList = 83AA7E971947D63A00CB9D0F /* Build configuration list for PBXProject "Reef Journal" */;
			compatibilityVersion = "Xcode 6.3";
			developmentRegion = English;
			hasScannedForEncodings = 0;
			knownRegions = (
				en,
				Base,
			);
			mainGroup = 83AA7E931947D63A00CB9D0F;
			productRefGroup = 83AA7E9D1947D63A00CB9D0F /* Products */;
			projectDirPath = "";
			projectRoot = "";
			targets = (
				83AA7E9B1947D63A00CB9D0F /* Reef Journal */,
				83AA7EAF1947D63B00CB9D0F /* Reef JournalTests */,
				83EF57CF1B52A2570071D29C /* Reef JournalUITests */,
			);
		};
/* End PBXProject section */

/* Begin PBXResourcesBuildPhase section */
		83AA7E9A1947D63A00CB9D0F /* Resources */ = {
			isa = PBXResourcesBuildPhase;
			buildActionMask = 2147483647;
			files = (
				83D3DE291B857C8B001B41DC /* Settings.bundle in Resources */,
				83F69F0F1BCA0DB6007CD856 /* Images.xcassets in Resources */,
				838BB1961B521C2300D317B9 /* LaunchScreen.storyboard in Resources */,
				838BB1971B521C2300D317B9 /* Main.storyboard in Resources */,
			);
			runOnlyForDeploymentPostprocessing = 0;
		};
		83AA7EAE1947D63B00CB9D0F /* Resources */ = {
			isa = PBXResourcesBuildPhase;
			buildActionMask = 2147483647;
			files = (
			);
			runOnlyForDeploymentPostprocessing = 0;
		};
		83EF57CE1B52A2570071D29C /* Resources */ = {
			isa = PBXResourcesBuildPhase;
			buildActionMask = 2147483647;
			files = (
			);
			runOnlyForDeploymentPostprocessing = 0;
		};
/* End PBXResourcesBuildPhase section */

/* Begin PBXSourcesBuildPhase section */
		83AA7E981947D63A00CB9D0F /* Sources */ = {
			isa = PBXSourcesBuildPhase;
			buildActionMask = 2147483647;
			files = (
				83B9B65D19E0C2090040BBF3 /* Alkalinity.swift in Sources */,
				83E69776195DCC8D006DDE81 /* ParametersTableViewController.swift in Sources */,
				83585B6F1C30824C002DABC7 /* DataPersistence.swift in Sources */,
				83D3DE271B85743A001B41DC /* Measurement.swift in Sources */,
				83585B6D1C308206002DABC7 /* AppData.swift in Sources */,
				831386B1196F4A2900F0D0DD /* GraphViewController.swift in Sources */,
				83C010E419DCE7BB0073BE5F /* Functions.swift in Sources */,
				83DA1C7219DCFF63005B99A4 /* Temperature.swift in Sources */,
				833D4AE51A3E17AA00FF6B96 /* Salinity.swift in Sources */,
				8395474F19C890EA00529B8B /* Types.swift in Sources */,
				837C8E5B1B7D8F000008533F /* MeasurementsData.swift in Sources */,
				83BF08DF1B54B2530036549D /* CircularSlider.swift in Sources */,
				83AA7EA21947D63A00CB9D0F /* AppDelegate.swift in Sources */,
				835EFCEB1961EFB900214EE4 /* DetailViewController.swift in Sources */,
				83C99868196F80C9008E23B1 /* GraphView.swift in Sources */,
				838BB1931B521B7F00D317B9 /* Reef_Journal.xcdatamodeld in Sources */,
			);
			runOnlyForDeploymentPostprocessing = 0;
		};
		83AA7EAC1947D63B00CB9D0F /* Sources */ = {
			isa = PBXSourcesBuildPhase;
			buildActionMask = 2147483647;
			files = (
				83B9B65F19E0CAA70040BBF3 /* AlkalinityStruct.swift in Sources */,
				83EF57DB1B52E4110071D29C /* SalinityStruct.swift in Sources */,
				83AA7EB71947D63B00CB9D0F /* TemperatureStruct.swift in Sources */,
			);
			runOnlyForDeploymentPostprocessing = 0;
		};
		83EF57CC1B52A2570071D29C /* Sources */ = {
			isa = PBXSourcesBuildPhase;
			buildActionMask = 2147483647;
			files = (
				83EF57D31B52A2570071D29C /* Reef_JournalUITests.swift in Sources */,
			);
			runOnlyForDeploymentPostprocessing = 0;
		};
/* End PBXSourcesBuildPhase section */

/* Begin PBXTargetDependency section */
		83AA7EB21947D63B00CB9D0F /* PBXTargetDependency */ = {
			isa = PBXTargetDependency;
			target = 83AA7E9B1947D63A00CB9D0F /* Reef Journal */;
			targetProxy = 83AA7EB11947D63B00CB9D0F /* PBXContainerItemProxy */;
		};
		83EF57D61B52A2570071D29C /* PBXTargetDependency */ = {
			isa = PBXTargetDependency;
			target = 83AA7E9B1947D63A00CB9D0F /* Reef Journal */;
			targetProxy = 83EF57D51B52A2570071D29C /* PBXContainerItemProxy */;
		};
/* End PBXTargetDependency section */

/* Begin XCBuildConfiguration section */
		83AA7EB81947D63B00CB9D0F /* Debug */ = {
			isa = XCBuildConfiguration;
			buildSettings = {
				ALWAYS_SEARCH_USER_PATHS = NO;
				CLANG_CXX_LANGUAGE_STANDARD = "gnu++0x";
				CLANG_CXX_LIBRARY = "libc++";
				CLANG_ENABLE_MODULES = YES;
				CLANG_ENABLE_OBJC_ARC = YES;
				CLANG_WARN_BOOL_CONVERSION = YES;
				CLANG_WARN_CONSTANT_CONVERSION = YES;
				CLANG_WARN_DIRECT_OBJC_ISA_USAGE = YES_ERROR;
				CLANG_WARN_EMPTY_BODY = YES;
				CLANG_WARN_ENUM_CONVERSION = YES;
				CLANG_WARN_INT_CONVERSION = YES;
				CLANG_WARN_OBJC_ROOT_CLASS = YES_ERROR;
				CLANG_WARN_UNREACHABLE_CODE = YES;
				CLANG_WARN__DUPLICATE_METHOD_MATCH = YES;
				"CODE_SIGN_IDENTITY[sdk=iphoneos*]" = "iPhone Developer";
				COPY_PHASE_STRIP = NO;
				ENABLE_STRICT_OBJC_MSGSEND = YES;
				ENABLE_TESTABILITY = YES;
				GCC_C_LANGUAGE_STANDARD = gnu99;
				GCC_DYNAMIC_NO_PIC = NO;
				GCC_OPTIMIZATION_LEVEL = 0;
				GCC_PREPROCESSOR_DEFINITIONS = (
					"DEBUG=1",
					"$(inherited)",
				);
				GCC_SYMBOLS_PRIVATE_EXTERN = NO;
				GCC_WARN_64_TO_32_BIT_CONVERSION = YES;
				GCC_WARN_ABOUT_RETURN_TYPE = YES_ERROR;
				GCC_WARN_UNDECLARED_SELECTOR = YES;
				GCC_WARN_UNINITIALIZED_AUTOS = YES_AGGRESSIVE;
				GCC_WARN_UNUSED_FUNCTION = YES;
				GCC_WARN_UNUSED_VARIABLE = YES;
				IPHONEOS_DEPLOYMENT_TARGET = 9.0;
				METAL_ENABLE_DEBUG_INFO = YES;
				ONLY_ACTIVE_ARCH = YES;
				SDKROOT = iphoneos;
				SWIFT_OPTIMIZATION_LEVEL = "-Onone";
				TARGETED_DEVICE_FAMILY = "1,2";
			};
			name = Debug;
		};
		83AA7EB91947D63B00CB9D0F /* Release */ = {
			isa = XCBuildConfiguration;
			buildSettings = {
				ALWAYS_SEARCH_USER_PATHS = NO;
				CLANG_CXX_LANGUAGE_STANDARD = "gnu++0x";
				CLANG_CXX_LIBRARY = "libc++";
				CLANG_ENABLE_MODULES = YES;
				CLANG_ENABLE_OBJC_ARC = YES;
				CLANG_WARN_BOOL_CONVERSION = YES;
				CLANG_WARN_CONSTANT_CONVERSION = YES;
				CLANG_WARN_DIRECT_OBJC_ISA_USAGE = YES_ERROR;
				CLANG_WARN_EMPTY_BODY = YES;
				CLANG_WARN_ENUM_CONVERSION = YES;
				CLANG_WARN_INT_CONVERSION = YES;
				CLANG_WARN_OBJC_ROOT_CLASS = YES_ERROR;
				CLANG_WARN_UNREACHABLE_CODE = YES;
				CLANG_WARN__DUPLICATE_METHOD_MATCH = YES;
				"CODE_SIGN_IDENTITY[sdk=iphoneos*]" = "iPhone Developer";
				COPY_PHASE_STRIP = YES;
				ENABLE_NS_ASSERTIONS = NO;
				ENABLE_STRICT_OBJC_MSGSEND = YES;
				GCC_C_LANGUAGE_STANDARD = gnu99;
				GCC_WARN_64_TO_32_BIT_CONVERSION = YES;
				GCC_WARN_ABOUT_RETURN_TYPE = YES_ERROR;
				GCC_WARN_UNDECLARED_SELECTOR = YES;
				GCC_WARN_UNINITIALIZED_AUTOS = YES_AGGRESSIVE;
				GCC_WARN_UNUSED_FUNCTION = YES;
				GCC_WARN_UNUSED_VARIABLE = YES;
				IPHONEOS_DEPLOYMENT_TARGET = 9.0;
				METAL_ENABLE_DEBUG_INFO = NO;
				SDKROOT = iphoneos;
				TARGETED_DEVICE_FAMILY = "1,2";
				VALIDATE_PRODUCT = YES;
			};
			name = Release;
		};
		83AA7EBB1947D63B00CB9D0F /* Debug */ = {
			isa = XCBuildConfiguration;
			buildSettings = {
				ASSETCATALOG_COMPILER_APPICON_NAME = AppIcon;
				CLANG_ENABLE_MODULES = YES;
				CODE_SIGN_IDENTITY = "iPhone Developer";
				"CODE_SIGN_IDENTITY[sdk=iphoneos*]" = "iPhone Developer";
				INFOPLIST_FILE = "Reef Journal/Info.plist";
				IPHONEOS_DEPLOYMENT_TARGET = 9.0;
				LD_RUNPATH_SEARCH_PATHS = "$(inherited) @executable_path/Frameworks";
				PRODUCT_BUNDLE_IDENTIFIER = "com.epickiwi.Reef-Journal";
				PRODUCT_NAME = "$(TARGET_NAME)";
				PROVISIONING_PROFILE = "c3b4e127-759d-4380-9aa6-e00ff52055c1";
				TARGETED_DEVICE_FAMILY = "1,2";
			};
			name = Debug;
		};
		83AA7EBC1947D63B00CB9D0F /* Release */ = {
			isa = XCBuildConfiguration;
			buildSettings = {
				ASSETCATALOG_COMPILER_APPICON_NAME = AppIcon;
				CLANG_ENABLE_MODULES = YES;
				CODE_SIGN_IDENTITY = "iPhone Distribution";
				"CODE_SIGN_IDENTITY[sdk=iphoneos*]" = "iPhone Distribution";
				INFOPLIST_FILE = "Reef Journal/Info.plist";
				IPHONEOS_DEPLOYMENT_TARGET = 9.0;
				LD_RUNPATH_SEARCH_PATHS = "$(inherited) @executable_path/Frameworks";
				PRODUCT_BUNDLE_IDENTIFIER = "com.epickiwi.Reef-Journal";
				PRODUCT_NAME = "$(TARGET_NAME)";
				PROVISIONING_PROFILE = "bfb54f64-b319-4cee-8930-3582e3eca783";
				TARGETED_DEVICE_FAMILY = "1,2";
			};
			name = Release;
		};
		83AA7EBE1947D63B00CB9D0F /* Debug */ = {
			isa = XCBuildConfiguration;
			buildSettings = {
				BUNDLE_LOADER = "$(BUILT_PRODUCTS_DIR)/Reef Journal.app/Reef Journal";
				INFOPLIST_FILE = "Reef JournalTests/Info.plist";
				LD_RUNPATH_SEARCH_PATHS = "$(inherited) @executable_path/Frameworks @loader_path/Frameworks";
				METAL_ENABLE_DEBUG_INFO = YES;
				PRODUCT_BUNDLE_IDENTIFIER = "com.EpicKiwiInteractive.${PRODUCT_NAME:rfc1034identifier}";
				PRODUCT_NAME = "$(TARGET_NAME)";
				TEST_HOST = "$(BUNDLE_LOADER)";
			};
			name = Debug;
		};
		83AA7EBF1947D63B00CB9D0F /* Release */ = {
			isa = XCBuildConfiguration;
			buildSettings = {
				BUNDLE_LOADER = "$(BUILT_PRODUCTS_DIR)/Reef Journal.app/Reef Journal";
				INFOPLIST_FILE = "Reef JournalTests/Info.plist";
				LD_RUNPATH_SEARCH_PATHS = "$(inherited) @executable_path/Frameworks @loader_path/Frameworks";
				METAL_ENABLE_DEBUG_INFO = NO;
				PRODUCT_BUNDLE_IDENTIFIER = "com.EpicKiwiInteractive.${PRODUCT_NAME:rfc1034identifier}";
				PRODUCT_NAME = "$(TARGET_NAME)";
				TEST_HOST = "$(BUNDLE_LOADER)";
			};
			name = Release;
		};
		83EF57D71B52A2570071D29C /* Debug */ = {
			isa = XCBuildConfiguration;
			buildSettings = {
				DEBUG_INFORMATION_FORMAT = dwarf;
				GCC_NO_COMMON_BLOCKS = YES;
				INFOPLIST_FILE = "Reef JournalUITests/Info.plist";
				LD_RUNPATH_SEARCH_PATHS = "$(inherited) @executable_path/Frameworks @loader_path/Frameworks";
				MTL_ENABLE_DEBUG_INFO = YES;
				PRODUCT_BUNDLE_IDENTIFIER = "com.epickiwi.Reef-JournalUITests";
				PRODUCT_NAME = "$(TARGET_NAME)";
				TEST_TARGET_NAME = "Reef Journal";
				USES_XCTRUNNER = YES;
			};
			name = Debug;
		};
		83EF57D81B52A2570071D29C /* Release */ = {
			isa = XCBuildConfiguration;
			buildSettings = {
				COPY_PHASE_STRIP = NO;
				DEBUG_INFORMATION_FORMAT = "dwarf-with-dsym";
				GCC_NO_COMMON_BLOCKS = YES;
				INFOPLIST_FILE = "Reef JournalUITests/Info.plist";
				LD_RUNPATH_SEARCH_PATHS = "$(inherited) @executable_path/Frameworks @loader_path/Frameworks";
				MTL_ENABLE_DEBUG_INFO = NO;
				PRODUCT_BUNDLE_IDENTIFIER = "com.epickiwi.Reef-JournalUITests";
				PRODUCT_NAME = "$(TARGET_NAME)";
				TEST_TARGET_NAME = "Reef Journal";
				USES_XCTRUNNER = YES;
			};
			name = Release;
		};
/* End XCBuildConfiguration section */

/* Begin XCConfigurationList section */
		83AA7E971947D63A00CB9D0F /* Build configuration list for PBXProject "Reef Journal" */ = {
			isa = XCConfigurationList;
			buildConfigurations = (
				83AA7EB81947D63B00CB9D0F /* Debug */,
				83AA7EB91947D63B00CB9D0F /* Release */,
			);
			defaultConfigurationIsVisible = 0;
			defaultConfigurationName = Release;
		};
		83AA7EBA1947D63B00CB9D0F /* Build configuration list for PBXNativeTarget "Reef Journal" */ = {
			isa = XCConfigurationList;
			buildConfigurations = (
				83AA7EBB1947D63B00CB9D0F /* Debug */,
				83AA7EBC1947D63B00CB9D0F /* Release */,
			);
			defaultConfigurationIsVisible = 0;
			defaultConfigurationName = Release;
		};
		83AA7EBD1947D63B00CB9D0F /* Build configuration list for PBXNativeTarget "Reef JournalTests" */ = {
			isa = XCConfigurationList;
			buildConfigurations = (
				83AA7EBE1947D63B00CB9D0F /* Debug */,
				83AA7EBF1947D63B00CB9D0F /* Release */,
			);
			defaultConfigurationIsVisible = 0;
			defaultConfigurationName = Release;
		};
		83EF57D91B52A2570071D29C /* Build configuration list for PBXNativeTarget "Reef JournalUITests" */ = {
			isa = XCConfigurationList;
			buildConfigurations = (
				83EF57D71B52A2570071D29C /* Debug */,
				83EF57D81B52A2570071D29C /* Release */,
			);
			defaultConfigurationIsVisible = 0;
			defaultConfigurationName = Release;
		};
/* End XCConfigurationList section */

/* Begin XCVersionGroup section */
		838BB1911B521B7F00D317B9 /* Reef_Journal.xcdatamodeld */ = {
			isa = XCVersionGroup;
			children = (
				838BB1921B521B7F00D317B9 /* Reef_Journal.xcdatamodel */,
			);
			currentVersion = 838BB1921B521B7F00D317B9 /* Reef_Journal.xcdatamodel */;
			path = Reef_Journal.xcdatamodeld;
			sourceTree = "<group>";
			versionGroupType = wrapper.xcdatamodel;
		};
/* End XCVersionGroup section */
	};
	rootObject = 83AA7E941947D63A00CB9D0F /* Project object */;
}
